
Microsoft Visual Studio Solution File, Format Version 12.00
# Visual Studio Version 16
VisualStudioVersion = 16.0.31515.178
MinimumVisualStudioVersion = 10.0.40219.1
Project("{FAE04EC0-301F-11D3-BF4B-00C04F79EFBC}") = "MISA.CUKCUK.API", "MISA.CUKCUK.API\MISA.CUKCUK.API.csproj", "{1F0BDA71-CE80-4079-83D8-7C298BC8CDF3}"
EndProject
Global
	GlobalSection(SolutionConfigurationPlatforms) = preSolution
		Debug|Any CPU = Debug|Any CPU
		Release|Any CPU = Release|Any CPU
	EndGlobalSection
	GlobalSection(ProjectConfigurationPlatforms) = postSolution
		{1F0BDA71-CE80-4079-83D8-7C298BC8CDF3}.Debug|Any CPU.ActiveCfg = Debug|Any CPU
		{1F0BDA71-CE80-4079-83D8-7C298BC8CDF3}.Debug|Any CPU.Build.0 = Debug|Any CPU
		{1F0BDA71-CE80-4079-83D8-7C298BC8CDF3}.Release|Any CPU.ActiveCfg = Release|Any CPU
		{1F0BDA71-CE80-4079-83D8-7C298BC8CDF3}.Release|Any CPU.Build.0 = Release|Any CPU
	EndGlobalSection
	GlobalSection(SolutionProperties) = preSolution
		HideSolutionNode = FALSE
	EndGlobalSection
	GlobalSection(ExtensibilityGlobals) = postSolution
		SolutionGuid = {E8D7A336-BDB9-4F99-8D19-59A86B18D9C9}
	EndGlobalSection
EndGlobal
