
Microsoft Visual Studio Solution File, Format Version 12.00
# Visual Studio Version 16
VisualStudioVersion = 16.0.31515.178
MinimumVisualStudioVersion = 10.0.40219.1
Project("{FAE04EC0-301F-11D3-BF4B-00C04F79EFBC}") = "MISA.CUKCUK.API", "MISA.CUKCUK.API\MISA.CUKCUK.API.csproj", "{E7577960-DB70-4AC1-8DF5-04841619E34C}"
EndProject
Global
	GlobalSection(SolutionConfigurationPlatforms) = preSolution
		Debug|Any CPU = Debug|Any CPU
		Release|Any CPU = Release|Any CPU
	EndGlobalSection
	GlobalSection(ProjectConfigurationPlatforms) = postSolution
		{E7577960-DB70-4AC1-8DF5-04841619E34C}.Debug|Any CPU.ActiveCfg = Debug|Any CPU
		{E7577960-DB70-4AC1-8DF5-04841619E34C}.Debug|Any CPU.Build.0 = Debug|Any CPU
		{E7577960-DB70-4AC1-8DF5-04841619E34C}.Release|Any CPU.ActiveCfg = Release|Any CPU
		{E7577960-DB70-4AC1-8DF5-04841619E34C}.Release|Any CPU.Build.0 = Release|Any CPU
	EndGlobalSection
	GlobalSection(SolutionProperties) = preSolution
		HideSolutionNode = FALSE
	EndGlobalSection
	GlobalSection(ExtensibilityGlobals) = postSolution
		SolutionGuid = {FC6B04D9-4B30-4D27-B23B-96152C4BFAC2}
	EndGlobalSection
EndGlobal
